
Microsoft Visual Studio Solution File, Format Version 12.00
# Visual Studio Version 16
VisualStudioVersion = 16.0.29709.97
MinimumVisualStudioVersion = 10.0.40219.1
Project("{FAE04EC0-301F-11D3-BF4B-00C04F79EFBC}") = "SubLoo", "SubLoo.csproj", "{8C9E9D6F-67D1-4AC0-8A41-CF101314258D}"
EndProject
Global
	GlobalSection(SolutionConfigurationPlatforms) = preSolution
		Debug|Any CPU = Debug|Any CPU
		Release|Any CPU = Release|Any CPU
	EndGlobalSection
	GlobalSection(ProjectConfigurationPlatforms) = postSolution
		{8C9E9D6F-67D1-4AC0-8A41-CF101314258D}.Debug|Any CPU.ActiveCfg = Debug|Any CPU
		{8C9E9D6F-67D1-4AC0-8A41-CF101314258D}.Debug|Any CPU.Build.0 = Debug|Any CPU
		{8C9E9D6F-67D1-4AC0-8A41-CF101314258D}.Release|Any CPU.ActiveCfg = Release|Any CPU
		{8C9E9D6F-67D1-4AC0-8A41-CF101314258D}.Release|Any CPU.Build.0 = Release|Any CPU
	EndGlobalSection
	GlobalSection(SolutionProperties) = preSolution
		HideSolutionNode = FALSE
	EndGlobalSection
	GlobalSection(ExtensibilityGlobals) = postSolution
		SolutionGuid = {41423B7F-3022-4640-AFD1-DF02EBF2D4AB}
	EndGlobalSection
EndGlobal
